// !$*UTF8*$!
{
	archiveVersion = 1;
	classes = {
	};
	objectVersion = 50;
	objects = {

/* Begin PBXBuildFile section */
		37A5F41723D32663004596D2 /* AppDelegate.swift in Sources */ = {isa = PBXBuildFile; fileRef = 37A5F41623D32663004596D2 /* AppDelegate.swift */; };
		37A5F41923D32663004596D2 /* SceneDelegate.swift in Sources */ = {isa = PBXBuildFile; fileRef = 37A5F41823D32663004596D2 /* SceneDelegate.swift */; };
		37A5F41B23D32663004596D2 /* ViewController.swift in Sources */ = {isa = PBXBuildFile; fileRef = 37A5F41A23D32663004596D2 /* ViewController.swift */; };
		37A5F41E23D32663004596D2 /* Main.storyboard in Resources */ = {isa = PBXBuildFile; fileRef = 37A5F41C23D32663004596D2 /* Main.storyboard */; };
		37A5F42023D32664004596D2 /* Assets.xcassets in Resources */ = {isa = PBXBuildFile; fileRef = 37A5F41F23D32664004596D2 /* Assets.xcassets */; };
		37A5F42323D32664004596D2 /* LaunchScreen.storyboard in Resources */ = {isa = PBXBuildFile; fileRef = 37A5F42123D32664004596D2 /* LaunchScreen.storyboard */; };
		37A5F42E23D32664004596D2 /* CalcTests.swift in Sources */ = {isa = PBXBuildFile; fileRef = 37A5F42D23D32664004596D2 /* CalcTests.swift */; };
		37A5F43923D32664004596D2 /* CalcUITests.swift in Sources */ = {isa = PBXBuildFile; fileRef = 37A5F43823D32664004596D2 /* CalcUITests.swift */; };
/* End PBXBuildFile section */

/* Begin PBXContainerItemProxy section */
		37A5F42A23D32664004596D2 /* PBXContainerItemProxy */ = {
			isa = PBXContainerItemProxy;
			containerPortal = 37A5F40B23D32663004596D2 /* Project object */;
			proxyType = 1;
			remoteGlobalIDString = 37A5F41223D32663004596D2;
			remoteInfo = Calc;
		};
		37A5F43523D32664004596D2 /* PBXContainerItemProxy */ = {
			isa = PBXContainerItemProxy;
			containerPortal = 37A5F40B23D32663004596D2 /* Project object */;
			proxyType = 1;
			remoteGlobalIDString = 37A5F41223D32663004596D2;
			remoteInfo = Calc;
		};
/* End PBXContainerItemProxy section */

/* Begin PBXFileReference section */
		37A5F41323D32663004596D2 /* Calc.app */ = {isa = PBXFileReference; explicitFileType = wrapper.application; includeInIndex = 0; path = Calc.app; sourceTree = BUILT_PRODUCTS_DIR; };
		37A5F41623D32663004596D2 /* AppDelegate.swift */ = {isa = PBXFileReference; lastKnownFileType = sourcecode.swift; path = AppDelegate.swift; sourceTree = "<group>"; };
		37A5F41823D32663004596D2 /* SceneDelegate.swift */ = {isa = PBXFileReference; lastKnownFileType = sourcecode.swift; path = SceneDelegate.swift; sourceTree = "<group>"; };
		37A5F41A23D32663004596D2 /* ViewController.swift */ = {isa = PBXFileReference; lastKnownFileType = sourcecode.swift; path = ViewController.swift; sourceTree = "<group>"; };
		37A5F41D23D32663004596D2 /* Base */ = {isa = PBXFileReference; lastKnownFileType = file.storyboard; name = Base; path = Base.lproj/Main.storyboard; sourceTree = "<group>"; };
		37A5F41F23D32664004596D2 /* Assets.xcassets */ = {isa = PBXFileReference; lastKnownFileType = folder.assetcatalog; path = Assets.xcassets; sourceTree = "<group>"; };
		37A5F42223D32664004596D2 /* Base */ = {isa = PBXFileReference; lastKnownFileType = file.storyboard; name = Base; path = Base.lproj/LaunchScreen.storyboard; sourceTree = "<group>"; };
		37A5F42423D32664004596D2 /* Info.plist */ = {isa = PBXFileReference; lastKnownFileType = text.plist.xml; path = Info.plist; sourceTree = "<group>"; };
		37A5F42923D32664004596D2 /* CalcTests.xctest */ = {isa = PBXFileReference; explicitFileType = wrapper.cfbundle; includeInIndex = 0; path = CalcTests.xctest; sourceTree = BUILT_PRODUCTS_DIR; };
		37A5F42D23D32664004596D2 /* CalcTests.swift */ = {isa = PBXFileReference; lastKnownFileType = sourcecode.swift; path = CalcTests.swift; sourceTree = "<group>"; };
		37A5F42F23D32664004596D2 /* Info.plist */ = {isa = PBXFileReference; lastKnownFileType = text.plist.xml; path = Info.plist; sourceTree = "<group>"; };
		37A5F43423D32664004596D2 /* CalcUITests.xctest */ = {isa = PBXFileReference; explicitFileType = wrapper.cfbundle; includeInIndex = 0; path = CalcUITests.xctest; sourceTree = BUILT_PRODUCTS_DIR; };
		37A5F43823D32664004596D2 /* CalcUITests.swift */ = {isa = PBXFileReference; lastKnownFileType = sourcecode.swift; path = CalcUITests.swift; sourceTree = "<group>"; };
		37A5F43A23D32664004596D2 /* Info.plist */ = {isa = PBXFileReference; lastKnownFileType = text.plist.xml; path = Info.plist; sourceTree = "<group>"; };
/* End PBXFileReference section */

/* Begin PBXFrameworksBuildPhase section */
		37A5F41023D32663004596D2 /* Frameworks */ = {
			isa = PBXFrameworksBuildPhase;
			buildActionMask = 2147483647;
			files = (
			);
			runOnlyForDeploymentPostprocessing = 0;
		};
		37A5F42623D32664004596D2 /* Frameworks */ = {
			isa = PBXFrameworksBuildPhase;
			buildActionMask = 2147483647;
			files = (
			);
			runOnlyForDeploymentPostprocessing = 0;
		};
		37A5F43123D32664004596D2 /* Frameworks */ = {
			isa = PBXFrameworksBuildPhase;
			buildActionMask = 2147483647;
			files = (
			);
			runOnlyForDeploymentPostprocessing = 0;
		};
/* End PBXFrameworksBuildPhase section */

/* Begin PBXGroup section */
		37A5F40A23D32663004596D2 = {
			isa = PBXGroup;
			children = (
				37A5F41523D32663004596D2 /* Calc */,
				37A5F42C23D32664004596D2 /* CalcTests */,
				37A5F43723D32664004596D2 /* CalcUITests */,
				37A5F41423D32663004596D2 /* Products */,
			);
			sourceTree = "<group>";
		};
		37A5F41423D32663004596D2 /* Products */ = {
			isa = PBXGroup;
			children = (
				37A5F41323D32663004596D2 /* Calc.app */,
				37A5F42923D32664004596D2 /* CalcTests.xctest */,
				37A5F43423D32664004596D2 /* CalcUITests.xctest */,
			);
			name = Products;
			sourceTree = "<group>";
		};
		37A5F41523D32663004596D2 /* Calc */ = {
			isa = PBXGroup;
			children = (
				37A5F41623D32663004596D2 /* AppDelegate.swift */,
				37A5F41823D32663004596D2 /* SceneDelegate.swift */,
				37A5F41A23D32663004596D2 /* ViewController.swift */,
				37A5F41C23D32663004596D2 /* Main.storyboard */,
				37A5F41F23D32664004596D2 /* Assets.xcassets */,
				37A5F42123D32664004596D2 /* LaunchScreen.storyboard */,
				37A5F42423D32664004596D2 /* Info.plist */,
			);
			path = Calc;
			sourceTree = "<group>";
		};
		37A5F42C23D32664004596D2 /* CalcTests */ = {
			isa = PBXGroup;
			children = (
				37A5F42D23D32664004596D2 /* CalcTests.swift */,
				37A5F42F23D32664004596D2 /* Info.plist */,
			);
			path = CalcTests;
			sourceTree = "<group>";
		};
		37A5F43723D32664004596D2 /* CalcUITests */ = {
			isa = PBXGroup;
			children = (
				37A5F43823D32664004596D2 /* CalcUITests.swift */,
				37A5F43A23D32664004596D2 /* Info.plist */,
			);
			path = CalcUITests;
			sourceTree = "<group>";
		};
/* End PBXGroup section */

/* Begin PBXNativeTarget section */
		37A5F41223D32663004596D2 /* Calc */ = {
			isa = PBXNativeTarget;
			buildConfigurationList = 37A5F43D23D32664004596D2 /* Build configuration list for PBXNativeTarget "Calc" */;
			buildPhases = (
				37A5F40F23D32663004596D2 /* Sources */,
				37A5F41023D32663004596D2 /* Frameworks */,
				37A5F41123D32663004596D2 /* Resources */,
			);
			buildRules = (
			);
			dependencies = (
			);
			name = Calc;
			productName = Calc;
			productReference = 37A5F41323D32663004596D2 /* Calc.app */;
			productType = "com.apple.product-type.application";
		};
		37A5F42823D32664004596D2 /* CalcTests */ = {
			isa = PBXNativeTarget;
			buildConfigurationList = 37A5F44023D32664004596D2 /* Build configuration list for PBXNativeTarget "CalcTests" */;
			buildPhases = (
				37A5F42523D32664004596D2 /* Sources */,
				37A5F42623D32664004596D2 /* Frameworks */,
				37A5F42723D32664004596D2 /* Resources */,
			);
			buildRules = (
			);
			dependencies = (
				37A5F42B23D32664004596D2 /* PBXTargetDependency */,
			);
			name = CalcTests;
			productName = CalcTests;
			productReference = 37A5F42923D32664004596D2 /* CalcTests.xctest */;
			productType = "com.apple.product-type.bundle.unit-test";
		};
		37A5F43323D32664004596D2 /* CalcUITests */ = {
			isa = PBXNativeTarget;
			buildConfigurationList = 37A5F44323D32664004596D2 /* Build configuration list for PBXNativeTarget "CalcUITests" */;
			buildPhases = (
				37A5F43023D32664004596D2 /* Sources */,
				37A5F43123D32664004596D2 /* Frameworks */,
				37A5F43223D32664004596D2 /* Resources */,
			);
			buildRules = (
			);
			dependencies = (
				37A5F43623D32664004596D2 /* PBXTargetDependency */,
			);
			name = CalcUITests;
			productName = CalcUITests;
			productReference = 37A5F43423D32664004596D2 /* CalcUITests.xctest */;
			productType = "com.apple.product-type.bundle.ui-testing";
		};
/* End PBXNativeTarget section */

/* Begin PBXProject section */
		37A5F40B23D32663004596D2 /* Project object */ = {
			isa = PBXProject;
			attributes = {
				LastSwiftUpdateCheck = 1130;
				LastUpgradeCheck = 1130;
				ORGANIZATIONNAME = Nurgissa;
				TargetAttributes = {
					37A5F41223D32663004596D2 = {
						CreatedOnToolsVersion = 11.3.1;
					};
					37A5F42823D32664004596D2 = {
						CreatedOnToolsVersion = 11.3.1;
						TestTargetID = 37A5F41223D32663004596D2;
					};
					37A5F43323D32664004596D2 = {
						CreatedOnToolsVersion = 11.3.1;
						TestTargetID = 37A5F41223D32663004596D2;
					};
				};
			};
			buildConfigurationList = 37A5F40E23D32663004596D2 /* Build configuration list for PBXProject "Calc" */;
			compatibilityVersion = "Xcode 9.3";
			developmentRegion = en;
			hasScannedForEncodings = 0;
			knownRegions = (
				en,
				Base,
			);
			mainGroup = 37A5F40A23D32663004596D2;
			productRefGroup = 37A5F41423D32663004596D2 /* Products */;
			projectDirPath = "";
			projectRoot = "";
			targets = (
				37A5F41223D32663004596D2 /* Calc */,
				37A5F42823D32664004596D2 /* CalcTests */,
				37A5F43323D32664004596D2 /* CalcUITests */,
			);
		};
/* End PBXProject section */

/* Begin PBXResourcesBuildPhase section */
		37A5F41123D32663004596D2 /* Resources */ = {
			isa = PBXResourcesBuildPhase;
			buildActionMask = 2147483647;
			files = (
				37A5F42323D32664004596D2 /* LaunchScreen.storyboard in Resources */,
				37A5F42023D32664004596D2 /* Assets.xcassets in Resources */,
				37A5F41E23D32663004596D2 /* Main.storyboard in Resources */,
			);
			runOnlyForDeploymentPostprocessing = 0;
		};
		37A5F42723D32664004596D2 /* Resources */ = {
			isa = PBXResourcesBuildPhase;
			buildActionMask = 2147483647;
			files = (
			);
			runOnlyForDeploymentPostprocessing = 0;
		};
		37A5F43223D32664004596D2 /* Resources */ = {
			isa = PBXResourcesBuildPhase;
			buildActionMask = 2147483647;
			files = (
			);
			runOnlyForDeploymentPostprocessing = 0;
		};
/* End PBXResourcesBuildPhase section */

/* Begin PBXSourcesBuildPhase section */
		37A5F40F23D32663004596D2 /* Sources */ = {
			isa = PBXSourcesBuildPhase;
			buildActionMask = 2147483647;
			files = (
				37A5F41B23D32663004596D2 /* ViewController.swift in Sources */,
				37A5F41723D32663004596D2 /* AppDelegate.swift in Sources */,
				37A5F41923D32663004596D2 /* SceneDelegate.swift in Sources */,
			);
			runOnlyForDeploymentPostprocessing = 0;
		};
		37A5F42523D32664004596D2 /* Sources */ = {
			isa = PBXSourcesBuildPhase;
			buildActionMask = 2147483647;
			files = (
				37A5F42E23D32664004596D2 /* CalcTests.swift in Sources */,
			);
			runOnlyForDeploymentPostprocessing = 0;
		};
		37A5F43023D32664004596D2 /* Sources */ = {
			isa = PBXSourcesBuildPhase;
			buildActionMask = 2147483647;
			files = (
				37A5F43923D32664004596D2 /* CalcUITests.swift in Sources */,
			);
			runOnlyForDeploymentPostprocessing = 0;
		};
/* End PBXSourcesBuildPhase section */

/* Begin PBXTargetDependency section */
		37A5F42B23D32664004596D2 /* PBXTargetDependency */ = {
			isa = PBXTargetDependency;
			target = 37A5F41223D32663004596D2 /* Calc */;
			targetProxy = 37A5F42A23D32664004596D2 /* PBXContainerItemProxy */;
		};
		37A5F43623D32664004596D2 /* PBXTargetDependency */ = {
			isa = PBXTargetDependency;
			target = 37A5F41223D32663004596D2 /* Calc */;
			targetProxy = 37A5F43523D32664004596D2 /* PBXContainerItemProxy */;
		};
/* End PBXTargetDependency section */

/* Begin PBXVariantGroup section */
		37A5F41C23D32663004596D2 /* Main.storyboard */ = {
			isa = PBXVariantGroup;
			children = (
				37A5F41D23D32663004596D2 /* Base */,
			);
			name = Main.storyboard;
			sourceTree = "<group>";
		};
		37A5F42123D32664004596D2 /* LaunchScreen.storyboard */ = {
			isa = PBXVariantGroup;
			children = (
				37A5F42223D32664004596D2 /* Base */,
			);
			name = LaunchScreen.storyboard;
			sourceTree = "<group>";
		};
/* End PBXVariantGroup section */

/* Begin XCBuildConfiguration section */
		37A5F43B23D32664004596D2 /* Debug */ = {
			isa = XCBuildConfiguration;
			buildSettings = {
				ALWAYS_SEARCH_USER_PATHS = NO;
				CLANG_ANALYZER_NONNULL = YES;
				CLANG_ANALYZER_NUMBER_OBJECT_CONVERSION = YES_AGGRESSIVE;
				CLANG_CXX_LANGUAGE_STANDARD = "gnu++14";
				CLANG_CXX_LIBRARY = "libc++";
				CLANG_ENABLE_MODULES = YES;
				CLANG_ENABLE_OBJC_ARC = YES;
				CLANG_ENABLE_OBJC_WEAK = YES;
				CLANG_WARN_BLOCK_CAPTURE_AUTORELEASING = YES;
				CLANG_WARN_BOOL_CONVERSION = YES;
				CLANG_WARN_COMMA = YES;
				CLANG_WARN_CONSTANT_CONVERSION = YES;
				CLANG_WARN_DEPRECATED_OBJC_IMPLEMENTATIONS = YES;
				CLANG_WARN_DIRECT_OBJC_ISA_USAGE = YES_ERROR;
				CLANG_WARN_DOCUMENTATION_COMMENTS = YES;
				CLANG_WARN_EMPTY_BODY = YES;
				CLANG_WARN_ENUM_CONVERSION = YES;
				CLANG_WARN_INFINITE_RECURSION = YES;
				CLANG_WARN_INT_CONVERSION = YES;
				CLANG_WARN_NON_LITERAL_NULL_CONVERSION = YES;
				CLANG_WARN_OBJC_IMPLICIT_RETAIN_SELF = YES;
				CLANG_WARN_OBJC_LITERAL_CONVERSION = YES;
				CLANG_WARN_OBJC_ROOT_CLASS = YES_ERROR;
				CLANG_WARN_RANGE_LOOP_ANALYSIS = YES;
				CLANG_WARN_STRICT_PROTOTYPES = YES;
				CLANG_WARN_SUSPICIOUS_MOVE = YES;
				CLANG_WARN_UNGUARDED_AVAILABILITY = YES_AGGRESSIVE;
				CLANG_WARN_UNREACHABLE_CODE = YES;
				CLANG_WARN__DUPLICATE_METHOD_MATCH = YES;
				COPY_PHASE_STRIP = NO;
				DEBUG_INFORMATION_FORMAT = dwarf;
				ENABLE_STRICT_OBJC_MSGSEND = YES;
				ENABLE_TESTABILITY = YES;
				GCC_C_LANGUAGE_STANDARD = gnu11;
				GCC_DYNAMIC_NO_PIC = NO;
				GCC_NO_COMMON_BLOCKS = YES;
				GCC_OPTIMIZATION_LEVEL = 0;
				GCC_PREPROCESSOR_DEFINITIONS = (
					"DEBUG=1",
					"$(inherited)",
				);
				GCC_WARN_64_TO_32_BIT_CONVERSION = YES;
				GCC_WARN_ABOUT_RETURN_TYPE = YES_ERROR;
				GCC_WARN_UNDECLARED_SELECTOR = YES;
				GCC_WARN_UNINITIALIZED_AUTOS = YES_AGGRESSIVE;
				GCC_WARN_UNUSED_FUNCTION = YES;
				GCC_WARN_UNUSED_VARIABLE = YES;
				IPHONEOS_DEPLOYMENT_TARGET = 13.2;
				MTL_ENABLE_DEBUG_INFO = INCLUDE_SOURCE;
				MTL_FAST_MATH = YES;
				ONLY_ACTIVE_ARCH = YES;
				SDKROOT = iphoneos;
				SWIFT_ACTIVE_COMPILATION_CONDITIONS = DEBUG;
				SWIFT_OPTIMIZATION_LEVEL = "-Onone";
			};
			name = Debug;
		};
		37A5F43C23D32664004596D2 /* Release */ = {
			isa = XCBuildConfiguration;
			buildSettings = {
				ALWAYS_SEARCH_USER_PATHS = NO;
				CLANG_ANALYZER_NONNULL = YES;
				CLANG_ANALYZER_NUMBER_OBJECT_CONVERSION = YES_AGGRESSIVE;
				CLANG_CXX_LANGUAGE_STANDARD = "gnu++14";
				CLANG_CXX_LIBRARY = "libc++";
				CLANG_ENABLE_MODULES = YES;
				CLANG_ENABLE_OBJC_ARC = YES;
				CLANG_ENABLE_OBJC_WEAK = YES;
				CLANG_WARN_BLOCK_CAPTURE_AUTORELEASING = YES;
				CLANG_WARN_BOOL_CONVERSION = YES;
				CLANG_WARN_COMMA = YES;
				CLANG_WARN_CONSTANT_CONVERSION = YES;
				CLANG_WARN_DEPRECATED_OBJC_IMPLEMENTATIONS = YES;
				CLANG_WARN_DIRECT_OBJC_ISA_USAGE = YES_ERROR;
				CLANG_WARN_DOCUMENTATION_COMMENTS = YES;
				CLANG_WARN_EMPTY_BODY = YES;
				CLANG_WARN_ENUM_CONVERSION = YES;
				CLANG_WARN_INFINITE_RECURSION = YES;
				CLANG_WARN_INT_CONVERSION = YES;
				CLANG_WARN_NON_LITERAL_NULL_CONVERSION = YES;
				CLANG_WARN_OBJC_IMPLICIT_RETAIN_SELF = YES;
				CLANG_WARN_OBJC_LITERAL_CONVERSION = YES;
				CLANG_WARN_OBJC_ROOT_CLASS = YES_ERROR;
				CLANG_WARN_RANGE_LOOP_ANALYSIS = YES;
				CLANG_WARN_STRICT_PROTOTYPES = YES;
				CLANG_WARN_SUSPICIOUS_MOVE = YES;
				CLANG_WARN_UNGUARDED_AVAILABILITY = YES_AGGRESSIVE;
				CLANG_WARN_UNREACHABLE_CODE = YES;
				CLANG_WARN__DUPLICATE_METHOD_MATCH = YES;
				COPY_PHASE_STRIP = NO;
				DEBUG_INFORMATION_FORMAT = "dwarf-with-dsym";
				ENABLE_NS_ASSERTIONS = NO;
				ENABLE_STRICT_OBJC_MSGSEND = YES;
				GCC_C_LANGUAGE_STANDARD = gnu11;
				GCC_NO_COMMON_BLOCKS = YES;
				GCC_WARN_64_TO_32_BIT_CONVERSION = YES;
				GCC_WARN_ABOUT_RETURN_TYPE = YES_ERROR;
				GCC_WARN_UNDECLARED_SELECTOR = YES;
				GCC_WARN_UNINITIALIZED_AUTOS = YES_AGGRESSIVE;
				GCC_WARN_UNUSED_FUNCTION = YES;
				GCC_WARN_UNUSED_VARIABLE = YES;
				IPHONEOS_DEPLOYMENT_TARGET = 13.2;
				MTL_ENABLE_DEBUG_INFO = NO;
				MTL_FAST_MATH = YES;
				SDKROOT = iphoneos;
				SWIFT_COMPILATION_MODE = wholemodule;
				SWIFT_OPTIMIZATION_LEVEL = "-O";
				VALIDATE_PRODUCT = YES;
			};
			name = Release;
		};
		37A5F43E23D32664004596D2 /* Debug */ = {
			isa = XCBuildConfiguration;
			buildSettings = {
				ASSETCATALOG_COMPILER_APPICON_NAME = AppIcon;
				CODE_SIGN_STYLE = Automatic;
				INFOPLIST_FILE = Calc/Info.plist;
				LD_RUNPATH_SEARCH_PATHS = (
					"$(inherited)",
					"@executable_path/Frameworks",
				);
				PRODUCT_BUNDLE_IDENTIFIER = ex1.Calc;
				PRODUCT_NAME = "$(TARGET_NAME)";
				SWIFT_VERSION = 5.0;
				TARGETED_DEVICE_FAMILY = 1;
			};
			name = Debug;
		};
		37A5F43F23D32664004596D2 /* Release */ = {
			isa = XCBuildConfiguration;
			buildSettings = {
				ASSETCATALOG_COMPILER_APPICON_NAME = AppIcon;
				CODE_SIGN_STYLE = Automatic;
				INFOPLIST_FILE = Calc/Info.plist;
				LD_RUNPATH_SEARCH_PATHS = (
					"$(inherited)",
					"@executable_path/Frameworks",
				);
				PRODUCT_BUNDLE_IDENTIFIER = ex1.Calc;
				PRODUCT_NAME = "$(TARGET_NAME)";
				SWIFT_VERSION = 5.0;
				TARGETED_DEVICE_FAMILY = 1;
			};
			name = Release;
		};
		37A5F44123D32664004596D2 /* Debug */ = {
			isa = XCBuildConfiguration;
			buildSettings = {
				ALWAYS_EMBED_SWIFT_STANDARD_LIBRARIES = YES;
				BUNDLE_LOADER = "$(TEST_HOST)";
				CODE_SIGN_STYLE = Automatic;
				INFOPLIST_FILE = CalcTests/Info.plist;
				IPHONEOS_DEPLOYMENT_TARGET = 13.2;
				LD_RUNPATH_SEARCH_PATHS = (
					"$(inherited)",
					"@executable_path/Frameworks",
					"@loader_path/Frameworks",
				);
				PRODUCT_BUNDLE_IDENTIFIER = ex1.CalcTests;
				PRODUCT_NAME = "$(TARGET_NAME)";
				SWIFT_VERSION = 5.0;
				TARGETED_DEVICE_FAMILY = "1,2";
				TEST_HOST = "$(BUILT_PRODUCTS_DIR)/Calc.app/Calc";
			};
			name = Debug;
		};
		37A5F44223D32664004596D2 /* Release */ = {
			isa = XCBuildConfiguration;
			buildSettings = {
				ALWAYS_EMBED_SWIFT_STANDARD_LIBRARIES = YES;
				BUNDLE_LOADER = "$(TEST_HOST)";
				CODE_SIGN_STYLE = Automatic;
				INFOPLIST_FILE = CalcTests/Info.plist;
				IPHONEOS_DEPLOYMENT_TARGET = 13.2;
				LD_RUNPATH_SEARCH_PATHS = (
					"$(inherited)",
					"@executable_path/Frameworks",
					"@loader_path/Frameworks",
				);
				PRODUCT_BUNDLE_IDENTIFIER = ex1.CalcTests;
				PRODUCT_NAME = "$(TARGET_NAME)";
				SWIFT_VERSION = 5.0;
				TARGETED_DEVICE_FAMILY = "1,2";
				TEST_HOST = "$(BUILT_PRODUCTS_DIR)/Calc.app/Calc";
			};
			name = Release;
		};
		37A5F44423D32664004596D2 /* Debug */ = {
			isa = XCBuildConfiguration;
			buildSettings = {
				ALWAYS_EMBED_SWIFT_STANDARD_LIBRARIES = YES;
				CODE_SIGN_STYLE = Automatic;
				INFOPLIST_FILE = CalcUITests/Info.plist;
				LD_RUNPATH_SEARCH_PATHS = (
					"$(inherited)",
					"@executable_path/Frameworks",
					"@loader_path/Frameworks",
				);
				PRODUCT_BUNDLE_IDENTIFIER = ex1.CalcUITests;
				PRODUCT_NAME = "$(TARGET_NAME)";
				SWIFT_VERSION = 5.0;
				TARGETED_DEVICE_FAMILY = "1,2";
				TEST_TARGET_NAME = Calc;
			};
			name = Debug;
		};
		37A5F44523D32664004596D2 /* Release */ = {
			isa = XCBuildConfiguration;
			buildSettings = {
				ALWAYS_EMBED_SWIFT_STANDARD_LIBRARIES = YES;
				CODE_SIGN_STYLE = Automatic;
				INFOPLIST_FILE = CalcUITests/Info.plist;
				LD_RUNPATH_SEARCH_PATHS = (
					"$(inherited)",
					"@executable_path/Frameworks",
					"@loader_path/Frameworks",
				);
				PRODUCT_BUNDLE_IDENTIFIER = ex1.CalcUITests;
				PRODUCT_NAME = "$(TARGET_NAME)";
				SWIFT_VERSION = 5.0;
				TARGETED_DEVICE_FAMILY = "1,2";
				TEST_TARGET_NAME = Calc;
			};
			name = Release;
		};
/* End XCBuildConfiguration section */

/* Begin XCConfigurationList section */
		37A5F40E23D32663004596D2 /* Build configuration list for PBXProject "Calc" */ = {
			isa = XCConfigurationList;
			buildConfigurations = (
				37A5F43B23D32664004596D2 /* Debug */,
				37A5F43C23D32664004596D2 /* Release */,
			);
			defaultConfigurationIsVisible = 0;
			defaultConfigurationName = Release;
		};
		37A5F43D23D32664004596D2 /* Build configuration list for PBXNativeTarget "Calc" */ = {
			isa = XCConfigurationList;
			buildConfigurations = (
				37A5F43E23D32664004596D2 /* Debug */,
				37A5F43F23D32664004596D2 /* Release */,
			);
			defaultConfigurationIsVisible = 0;
			defaultConfigurationName = Release;
		};
		37A5F44023D32664004596D2 /* Build configuration list for PBXNativeTarget "CalcTests" */ = {
			isa = XCConfigurationList;
			buildConfigurations = (
				37A5F44123D32664004596D2 /* Debug */,
				37A5F44223D32664004596D2 /* Release */,
			);
			defaultConfigurationIsVisible = 0;
			defaultConfigurationName = Release;
		};
		37A5F44323D32664004596D2 /* Build configuration list for PBXNativeTarget "CalcUITests" */ = {
			isa = XCConfigurationList;
			buildConfigurations = (
				37A5F44423D32664004596D2 /* Debug */,
				37A5F44523D32664004596D2 /* Release */,
			);
			defaultConfigurationIsVisible = 0;
			defaultConfigurationName = Release;
		};
/* End XCConfigurationList section */
	};
	rootObject = 37A5F40B23D32663004596D2 /* Project object */;
}
